
Microsoft Visual Studio Solution File, Format Version 12.00
# Visual Studio Version 16
VisualStudioVersion = 16.0.29920.165
MinimumVisualStudioVersion = 10.0.40219.1
Project("{FAE04EC0-301F-11D3-BF4B-00C04F79EFBC}") = "April_12_2020", "April_12_2020\April_12_2020.csproj", "{22166E5F-F72F-489C-94DA-5794EA49E1CD}"
EndProject
Global
	GlobalSection(SolutionConfigurationPlatforms) = preSolution
		Debug|Any CPU = Debug|Any CPU
		Release|Any CPU = Release|Any CPU
	EndGlobalSection
	GlobalSection(ProjectConfigurationPlatforms) = postSolution
		{22166E5F-F72F-489C-94DA-5794EA49E1CD}.Debug|Any CPU.ActiveCfg = Debug|Any CPU
		{22166E5F-F72F-489C-94DA-5794EA49E1CD}.Debug|Any CPU.Build.0 = Debug|Any CPU
		{22166E5F-F72F-489C-94DA-5794EA49E1CD}.Release|Any CPU.ActiveCfg = Release|Any CPU
		{22166E5F-F72F-489C-94DA-5794EA49E1CD}.Release|Any CPU.Build.0 = Release|Any CPU
	EndGlobalSection
	GlobalSection(SolutionProperties) = preSolution
		HideSolutionNode = FALSE
	EndGlobalSection
	GlobalSection(ExtensibilityGlobals) = postSolution
		SolutionGuid = {D790BDB6-A6E9-489B-A47D-03A9E19FBFA5}
	EndGlobalSection
EndGlobal
